
Microsoft Visual Studio Solution File, Format Version 12.00
# Visual Studio Version 16
VisualStudioVersion = 16.0.31727.386
MinimumVisualStudioVersion = 10.0.40219.1
Project("{8BC9CEB8-8B4A-11D0-8D11-00A0C91BC942}") = "Project1", "Project1\Project1.vcxproj", "{5230BE88-2831-41D4-BF5C-25FDD719C90C}"
EndProject
Global
	GlobalSection(SolutionConfigurationPlatforms) = preSolution
		Debug|x64 = Debug|x64
		Debug|x86 = Debug|x86
		Release|x64 = Release|x64
		Release|x86 = Release|x86
	EndGlobalSection
	GlobalSection(ProjectConfigurationPlatforms) = postSolution
		{5230BE88-2831-41D4-BF5C-25FDD719C90C}.Debug|x64.ActiveCfg = Debug|x64
		{5230BE88-2831-41D4-BF5C-25FDD719C90C}.Debug|x64.Build.0 = Debug|x64
		{5230BE88-2831-41D4-BF5C-25FDD719C90C}.Debug|x86.ActiveCfg = Debug|Win32
		{5230BE88-2831-41D4-BF5C-25FDD719C90C}.Debug|x86.Build.0 = Debug|Win32
		{5230BE88-2831-41D4-BF5C-25FDD719C90C}.Release|x64.ActiveCfg = Release|x64
		{5230BE88-2831-41D4-BF5C-25FDD719C90C}.Release|x64.Build.0 = Release|x64
		{5230BE88-2831-41D4-BF5C-25FDD719C90C}.Release|x86.ActiveCfg = Release|Win32
		{5230BE88-2831-41D4-BF5C-25FDD719C90C}.Release|x86.Build.0 = Release|Win32
	EndGlobalSection
	GlobalSection(SolutionProperties) = preSolution
		HideSolutionNode = FALSE
	EndGlobalSection
	GlobalSection(ExtensibilityGlobals) = postSolution
		SolutionGuid = {0C5F05C9-3B98-4C87-96D6-01018F6A8707}
	EndGlobalSection
EndGlobal
